
Microsoft Visual Studio Solution File, Format Version 12.00
# Visual Studio Version 16
VisualStudioVersion = 16.0.30225.117
MinimumVisualStudioVersion = 10.0.40219.1
Project("{FAE04EC0-301F-11D3-BF4B-00C04F79EFBC}") = "PurgeSync", "PurgeSync\PurgeSync.csproj", "{E2F6754D-DCE0-4593-9F26-AC9E9BEDC009}"
EndProject
Project("{54435603-DBB4-11D2-8724-00A0C9A8B90C}") = "Setup", "Setup\Setup.vdproj", "{C6786932-20A2-480F-91E7-A7A258B3E04C}"
EndProject
Global
	GlobalSection(SolutionConfigurationPlatforms) = preSolution
		Debug|Any CPU = Debug|Any CPU
		Release|Any CPU = Release|Any CPU
	EndGlobalSection
	GlobalSection(ProjectConfigurationPlatforms) = postSolution
		{E2F6754D-DCE0-4593-9F26-AC9E9BEDC009}.Debug|Any CPU.ActiveCfg = Debug|Any CPU
		{E2F6754D-DCE0-4593-9F26-AC9E9BEDC009}.Debug|Any CPU.Build.0 = Debug|Any CPU
		{E2F6754D-DCE0-4593-9F26-AC9E9BEDC009}.Release|Any CPU.ActiveCfg = Release|Any CPU
		{E2F6754D-DCE0-4593-9F26-AC9E9BEDC009}.Release|Any CPU.Build.0 = Release|Any CPU
		{C6786932-20A2-480F-91E7-A7A258B3E04C}.Debug|Any CPU.ActiveCfg = Debug
		{C6786932-20A2-480F-91E7-A7A258B3E04C}.Release|Any CPU.ActiveCfg = Release
	EndGlobalSection
	GlobalSection(SolutionProperties) = preSolution
		HideSolutionNode = FALSE
	EndGlobalSection
	GlobalSection(ExtensibilityGlobals) = postSolution
		SolutionGuid = {14A90CED-493B-4536-81AB-A0E347386786}
	EndGlobalSection
EndGlobal
